
Microsoft Visual Studio Solution File, Format Version 12.00
# Visual Studio Version 16
VisualStudioVersion = 16.0.31313.79
MinimumVisualStudioVersion = 10.0.40219.1
Project("{9A19103F-16F7-4668-BE54-9A1E7A4F7556}") = "PublisherApp", "PublisherApp\PublisherApp.csproj", "{9A27DA9A-C76B-444D-87B4-DDA26149119D}"
EndProject
Project("{9A19103F-16F7-4668-BE54-9A1E7A4F7556}") = "MessagePublisher", "MessagePublisher\MessagePublisher.csproj", "{8DDD899B-AA0A-4578-AC4E-89E37E750F18}"
EndProject
Project("{FAE04EC0-301F-11D3-BF4B-00C04F79EFBC}") = "PublisherAPI", "PublisherAPI\PublisherAPI.csproj", "{B7F5EB03-0A79-4552-B719-103967A7E064}"
EndProject
Global
	GlobalSection(SolutionConfigurationPlatforms) = preSolution
		Debug|Any CPU = Debug|Any CPU
		Release|Any CPU = Release|Any CPU
	EndGlobalSection
	GlobalSection(ProjectConfigurationPlatforms) = postSolution
		{9A27DA9A-C76B-444D-87B4-DDA26149119D}.Debug|Any CPU.ActiveCfg = Debug|Any CPU
		{9A27DA9A-C76B-444D-87B4-DDA26149119D}.Debug|Any CPU.Build.0 = Debug|Any CPU
		{9A27DA9A-C76B-444D-87B4-DDA26149119D}.Release|Any CPU.ActiveCfg = Release|Any CPU
		{9A27DA9A-C76B-444D-87B4-DDA26149119D}.Release|Any CPU.Build.0 = Release|Any CPU
		{8DDD899B-AA0A-4578-AC4E-89E37E750F18}.Debug|Any CPU.ActiveCfg = Debug|Any CPU
		{8DDD899B-AA0A-4578-AC4E-89E37E750F18}.Debug|Any CPU.Build.0 = Debug|Any CPU
		{8DDD899B-AA0A-4578-AC4E-89E37E750F18}.Release|Any CPU.ActiveCfg = Release|Any CPU
		{8DDD899B-AA0A-4578-AC4E-89E37E750F18}.Release|Any CPU.Build.0 = Release|Any CPU
		{B7F5EB03-0A79-4552-B719-103967A7E064}.Debug|Any CPU.ActiveCfg = Debug|Any CPU
		{B7F5EB03-0A79-4552-B719-103967A7E064}.Debug|Any CPU.Build.0 = Debug|Any CPU
		{B7F5EB03-0A79-4552-B719-103967A7E064}.Release|Any CPU.ActiveCfg = Release|Any CPU
		{B7F5EB03-0A79-4552-B719-103967A7E064}.Release|Any CPU.Build.0 = Release|Any CPU
	EndGlobalSection
	GlobalSection(SolutionProperties) = preSolution
		HideSolutionNode = FALSE
	EndGlobalSection
	GlobalSection(ExtensibilityGlobals) = postSolution
		SolutionGuid = {F5D3907D-09F3-4BAF-BE43-A6E5C3CD2642}
	EndGlobalSection
EndGlobal
